
Microsoft Visual Studio Solution File, Format Version 12.00
# Visual Studio Version 17
VisualStudioVersion = 17.0.32112.339
MinimumVisualStudioVersion = 10.0.40219.1
Project("{9A19103F-16F7-4668-BE54-9A1E7A4F7556}") = "Hikers.Blog", "Hikers.Blog\Hikers.Blog.csproj", "{4C2C9888-32A6-4D65-A3C3-383E417205CB}"
EndProject
Project("{9A19103F-16F7-4668-BE54-9A1E7A4F7556}") = "HikersBlog.DAL", "HikersBlog.DAL\HikersBlog.DAL.csproj", "{98610567-11AA-47DA-87EF-9D1A225F1D8B}"
EndProject
Project("{9A19103F-16F7-4668-BE54-9A1E7A4F7556}") = "HikersBlog.Domain", "HikersBlog.Domain\HikersBlog.Domain.csproj", "{1F9F9599-01B8-4CF2-B77A-5C42C46102B4}"
EndProject
Project("{9A19103F-16F7-4668-BE54-9A1E7A4F7556}") = "HikersBlog.Misc", "HikersBlog.Misc\HikersBlog.Misc.csproj", "{45EACCC5-27CB-49E7-BD6D-E55A9BA3A567}"
EndProject
Project("{9A19103F-16F7-4668-BE54-9A1E7A4F7556}") = "HikersBlog.Storage", "HikersBlog.Storage\HikersBlog.Storage.csproj", "{97F95121-58E2-479C-A360-6A351C3CD520}"
EndProject
Global
	GlobalSection(SolutionConfigurationPlatforms) = preSolution
		Debug|Any CPU = Debug|Any CPU
		Release|Any CPU = Release|Any CPU
	EndGlobalSection
	GlobalSection(ProjectConfigurationPlatforms) = postSolution
		{4C2C9888-32A6-4D65-A3C3-383E417205CB}.Debug|Any CPU.ActiveCfg = Debug|Any CPU
		{4C2C9888-32A6-4D65-A3C3-383E417205CB}.Debug|Any CPU.Build.0 = Debug|Any CPU
		{4C2C9888-32A6-4D65-A3C3-383E417205CB}.Release|Any CPU.ActiveCfg = Release|Any CPU
		{4C2C9888-32A6-4D65-A3C3-383E417205CB}.Release|Any CPU.Build.0 = Release|Any CPU
		{98610567-11AA-47DA-87EF-9D1A225F1D8B}.Debug|Any CPU.ActiveCfg = Debug|Any CPU
		{98610567-11AA-47DA-87EF-9D1A225F1D8B}.Debug|Any CPU.Build.0 = Debug|Any CPU
		{98610567-11AA-47DA-87EF-9D1A225F1D8B}.Release|Any CPU.ActiveCfg = Release|Any CPU
		{98610567-11AA-47DA-87EF-9D1A225F1D8B}.Release|Any CPU.Build.0 = Release|Any CPU
		{1F9F9599-01B8-4CF2-B77A-5C42C46102B4}.Debug|Any CPU.ActiveCfg = Debug|Any CPU
		{1F9F9599-01B8-4CF2-B77A-5C42C46102B4}.Debug|Any CPU.Build.0 = Debug|Any CPU
		{1F9F9599-01B8-4CF2-B77A-5C42C46102B4}.Release|Any CPU.ActiveCfg = Release|Any CPU
		{1F9F9599-01B8-4CF2-B77A-5C42C46102B4}.Release|Any CPU.Build.0 = Release|Any CPU
		{45EACCC5-27CB-49E7-BD6D-E55A9BA3A567}.Debug|Any CPU.ActiveCfg = Debug|Any CPU
		{45EACCC5-27CB-49E7-BD6D-E55A9BA3A567}.Debug|Any CPU.Build.0 = Debug|Any CPU
		{45EACCC5-27CB-49E7-BD6D-E55A9BA3A567}.Release|Any CPU.ActiveCfg = Release|Any CPU
		{45EACCC5-27CB-49E7-BD6D-E55A9BA3A567}.Release|Any CPU.Build.0 = Release|Any CPU
		{97F95121-58E2-479C-A360-6A351C3CD520}.Debug|Any CPU.ActiveCfg = Debug|Any CPU
		{97F95121-58E2-479C-A360-6A351C3CD520}.Debug|Any CPU.Build.0 = Debug|Any CPU
		{97F95121-58E2-479C-A360-6A351C3CD520}.Release|Any CPU.ActiveCfg = Release|Any CPU
		{97F95121-58E2-479C-A360-6A351C3CD520}.Release|Any CPU.Build.0 = Release|Any CPU
	EndGlobalSection
	GlobalSection(SolutionProperties) = preSolution
		HideSolutionNode = FALSE
	EndGlobalSection
	GlobalSection(ExtensibilityGlobals) = postSolution
		SolutionGuid = {C01386E5-A9F9-4D2E-B5D5-B85BB45ED432}
	EndGlobalSection
EndGlobal
